
Microsoft Visual Studio Solution File, Format Version 12.00
# Visual Studio Version 17
VisualStudioVersion = 17.9.34607.119
MinimumVisualStudioVersion = 10.0.40219.1
Project("{9A19103F-16F7-4668-BE54-9A1E7A4F7556}") = "ContosoUniversity", "Controllviewuniversity\ContosoUniversity.csproj", "{CBDB3209-680F-4C8F-AC1B-3A6664862A7C}"
EndProject
Global
	GlobalSection(SolutionConfigurationPlatforms) = preSolution
		Debug|Any CPU = Debug|Any CPU
		Release|Any CPU = Release|Any CPU
	EndGlobalSection
	GlobalSection(ProjectConfigurationPlatforms) = postSolution
		{CBDB3209-680F-4C8F-AC1B-3A6664862A7C}.Debug|Any CPU.ActiveCfg = Debug|Any CPU
		{CBDB3209-680F-4C8F-AC1B-3A6664862A7C}.Debug|Any CPU.Build.0 = Debug|Any CPU
		{CBDB3209-680F-4C8F-AC1B-3A6664862A7C}.Release|Any CPU.ActiveCfg = Release|Any CPU
		{CBDB3209-680F-4C8F-AC1B-3A6664862A7C}.Release|Any CPU.Build.0 = Release|Any CPU
	EndGlobalSection
	GlobalSection(SolutionProperties) = preSolution
		HideSolutionNode = FALSE
	EndGlobalSection
	GlobalSection(ExtensibilityGlobals) = postSolution
		SolutionGuid = {2E11C5E8-D334-4A76-B00F-4A0F974CD61F}
	EndGlobalSection
EndGlobal
